
Microsoft Visual Studio Solution File, Format Version 12.00
# Visual Studio Version 16
VisualStudioVersion = 16.0.30320.27
MinimumVisualStudioVersion = 10.0.40219.1
Project("{FAE04EC0-301F-11D3-BF4B-00C04F79EFBC}") = "InABucket07272020", "InABucket07272020\InABucket07272020.csproj", "{604E78F1-57F3-4793-BEB2-E463419EA6A0}"
EndProject
Global
	GlobalSection(SolutionConfigurationPlatforms) = preSolution
		Debug|Any CPU = Debug|Any CPU
		Release|Any CPU = Release|Any CPU
	EndGlobalSection
	GlobalSection(ProjectConfigurationPlatforms) = postSolution
		{604E78F1-57F3-4793-BEB2-E463419EA6A0}.Debug|Any CPU.ActiveCfg = Debug|Any CPU
		{604E78F1-57F3-4793-BEB2-E463419EA6A0}.Debug|Any CPU.Build.0 = Debug|Any CPU
		{604E78F1-57F3-4793-BEB2-E463419EA6A0}.Release|Any CPU.ActiveCfg = Release|Any CPU
		{604E78F1-57F3-4793-BEB2-E463419EA6A0}.Release|Any CPU.Build.0 = Release|Any CPU
	EndGlobalSection
	GlobalSection(SolutionProperties) = preSolution
		HideSolutionNode = FALSE
	EndGlobalSection
	GlobalSection(ExtensibilityGlobals) = postSolution
		SolutionGuid = {6BE87298-3BA4-47CC-A8A0-4751B5B2264C}
	EndGlobalSection
EndGlobal
